
Microsoft Visual Studio Solution File, Format Version 12.00
# Visual Studio Version 16
VisualStudioVersion = 16.0.30114.105
MinimumVisualStudioVersion = 10.0.40219.1
Project("{2150E333-8FDC-42A3-9474-1A3956D46DE8}") = "src", "src", "{E7A3A5DF-9B03-4D8A-8FD4-D8EA292CAD00}"
EndProject
Project("{FAE04EC0-301F-11D3-BF4B-00C04F79EFBC}") = "CommandAPI", "src\CommandAPI\CommandAPI.csproj", "{081C6E3E-5E34-49BB-A949-0F529C4128D2}"
EndProject
Project("{2150E333-8FDC-42A3-9474-1A3956D46DE8}") = "test", "test", "{2EB03288-EB6C-4701-834C-82BDF4B41674}"
EndProject
Project("{FAE04EC0-301F-11D3-BF4B-00C04F79EFBC}") = "CommandAPI.Tests", "test\CommandAPI.Tests\CommandAPI.Tests.csproj", "{9EFFB8BB-362F-4D9B-A988-39FE61C27969}"
EndProject
Global
	GlobalSection(SolutionConfigurationPlatforms) = preSolution
		Debug|Any CPU = Debug|Any CPU
		Debug|x64 = Debug|x64
		Debug|x86 = Debug|x86
		Release|Any CPU = Release|Any CPU
		Release|x64 = Release|x64
		Release|x86 = Release|x86
	EndGlobalSection
	GlobalSection(SolutionProperties) = preSolution
		HideSolutionNode = FALSE
	EndGlobalSection
	GlobalSection(ProjectConfigurationPlatforms) = postSolution
		{081C6E3E-5E34-49BB-A949-0F529C4128D2}.Debug|Any CPU.ActiveCfg = Debug|Any CPU
		{081C6E3E-5E34-49BB-A949-0F529C4128D2}.Debug|Any CPU.Build.0 = Debug|Any CPU
		{081C6E3E-5E34-49BB-A949-0F529C4128D2}.Debug|x64.ActiveCfg = Debug|Any CPU
		{081C6E3E-5E34-49BB-A949-0F529C4128D2}.Debug|x64.Build.0 = Debug|Any CPU
		{081C6E3E-5E34-49BB-A949-0F529C4128D2}.Debug|x86.ActiveCfg = Debug|Any CPU
		{081C6E3E-5E34-49BB-A949-0F529C4128D2}.Debug|x86.Build.0 = Debug|Any CPU
		{081C6E3E-5E34-49BB-A949-0F529C4128D2}.Release|Any CPU.ActiveCfg = Release|Any CPU
		{081C6E3E-5E34-49BB-A949-0F529C4128D2}.Release|Any CPU.Build.0 = Release|Any CPU
		{081C6E3E-5E34-49BB-A949-0F529C4128D2}.Release|x64.ActiveCfg = Release|Any CPU
		{081C6E3E-5E34-49BB-A949-0F529C4128D2}.Release|x64.Build.0 = Release|Any CPU
		{081C6E3E-5E34-49BB-A949-0F529C4128D2}.Release|x86.ActiveCfg = Release|Any CPU
		{081C6E3E-5E34-49BB-A949-0F529C4128D2}.Release|x86.Build.0 = Release|Any CPU
		{9EFFB8BB-362F-4D9B-A988-39FE61C27969}.Debug|Any CPU.ActiveCfg = Debug|Any CPU
		{9EFFB8BB-362F-4D9B-A988-39FE61C27969}.Debug|Any CPU.Build.0 = Debug|Any CPU
		{9EFFB8BB-362F-4D9B-A988-39FE61C27969}.Debug|x64.ActiveCfg = Debug|Any CPU
		{9EFFB8BB-362F-4D9B-A988-39FE61C27969}.Debug|x64.Build.0 = Debug|Any CPU
		{9EFFB8BB-362F-4D9B-A988-39FE61C27969}.Debug|x86.ActiveCfg = Debug|Any CPU
		{9EFFB8BB-362F-4D9B-A988-39FE61C27969}.Debug|x86.Build.0 = Debug|Any CPU
		{9EFFB8BB-362F-4D9B-A988-39FE61C27969}.Release|Any CPU.ActiveCfg = Release|Any CPU
		{9EFFB8BB-362F-4D9B-A988-39FE61C27969}.Release|Any CPU.Build.0 = Release|Any CPU
		{9EFFB8BB-362F-4D9B-A988-39FE61C27969}.Release|x64.ActiveCfg = Release|Any CPU
		{9EFFB8BB-362F-4D9B-A988-39FE61C27969}.Release|x64.Build.0 = Release|Any CPU
		{9EFFB8BB-362F-4D9B-A988-39FE61C27969}.Release|x86.ActiveCfg = Release|Any CPU
		{9EFFB8BB-362F-4D9B-A988-39FE61C27969}.Release|x86.Build.0 = Release|Any CPU
	EndGlobalSection
	GlobalSection(NestedProjects) = preSolution
		{081C6E3E-5E34-49BB-A949-0F529C4128D2} = {E7A3A5DF-9B03-4D8A-8FD4-D8EA292CAD00}
		{9EFFB8BB-362F-4D9B-A988-39FE61C27969} = {2EB03288-EB6C-4701-834C-82BDF4B41674}
	EndGlobalSection
EndGlobal
